
Microsoft Visual Studio Solution File, Format Version 12.00
# Visual Studio 2013
VisualStudioVersion = 12.0.31101.0
MinimumVisualStudioVersion = 10.0.40219.1
Project("{FAE04EC0-301F-11D3-BF4B-00C04F79EFBC}") = "FlickrUtilities", "FlickrUtilities\FlickrUtilities.csproj", "{1C9251AB-CE37-481C-8BA2-90DD4AF82893}"
EndProject
Project("{FAE04EC0-301F-11D3-BF4B-00C04F79EFBC}") = "SlackIntegrations.Api", "SlackIntegrations.Api\SlackIntegrations.Api.csproj", "{AA043C23-6BD8-4486-8A49-FD2260A6A089}"
EndProject
Global
	GlobalSection(SolutionConfigurationPlatforms) = preSolution
		Debug|Any CPU = Debug|Any CPU
		Release|Any CPU = Release|Any CPU
	EndGlobalSection
	GlobalSection(ProjectConfigurationPlatforms) = postSolution
		{1C9251AB-CE37-481C-8BA2-90DD4AF82893}.Debug|Any CPU.ActiveCfg = Debug|Any CPU
		{1C9251AB-CE37-481C-8BA2-90DD4AF82893}.Debug|Any CPU.Build.0 = Debug|Any CPU
		{1C9251AB-CE37-481C-8BA2-90DD4AF82893}.Release|Any CPU.ActiveCfg = Release|Any CPU
		{1C9251AB-CE37-481C-8BA2-90DD4AF82893}.Release|Any CPU.Build.0 = Release|Any CPU
		{AA043C23-6BD8-4486-8A49-FD2260A6A089}.Debug|Any CPU.ActiveCfg = Debug|Any CPU
		{AA043C23-6BD8-4486-8A49-FD2260A6A089}.Debug|Any CPU.Build.0 = Debug|Any CPU
		{AA043C23-6BD8-4486-8A49-FD2260A6A089}.Release|Any CPU.ActiveCfg = Release|Any CPU
		{AA043C23-6BD8-4486-8A49-FD2260A6A089}.Release|Any CPU.Build.0 = Release|Any CPU
	EndGlobalSection
	GlobalSection(SolutionProperties) = preSolution
		HideSolutionNode = FALSE
	EndGlobalSection
EndGlobal
